
Microsoft Visual Studio Solution File, Format Version 12.00
Project("{FAE04EC0-301F-11D3-BF4B-00C04F79EFBC}") = "LusidSdk", "LusidSdk\LusidSdk.csproj", "{314D42F8-2464-48E5-AA48-3EA512D5565D}"
EndProject
Project("{FAE04EC0-301F-11D3-BF4B-00C04F79EFBC}") = "LusidSdk.Tests", "LusidSdk.Tests\LusidSdk.Tests.csproj", "{9A96A39B-E6A3-466F-BF4F-FFC8DAF073F9}"
EndProject
Global
	GlobalSection(SolutionConfigurationPlatforms) = preSolution
		Debug|Any CPU = Debug|Any CPU
		Release|Any CPU = Release|Any CPU
	EndGlobalSection
	GlobalSection(ProjectConfigurationPlatforms) = postSolution
		{314D42F8-2464-48E5-AA48-3EA512D5565D}.Debug|Any CPU.ActiveCfg = Debug|Any CPU
		{314D42F8-2464-48E5-AA48-3EA512D5565D}.Debug|Any CPU.Build.0 = Debug|Any CPU
		{314D42F8-2464-48E5-AA48-3EA512D5565D}.Release|Any CPU.ActiveCfg = Release|Any CPU
		{314D42F8-2464-48E5-AA48-3EA512D5565D}.Release|Any CPU.Build.0 = Release|Any CPU
		{9A96A39B-E6A3-466F-BF4F-FFC8DAF073F9}.Debug|Any CPU.ActiveCfg = Debug|Any CPU
		{9A96A39B-E6A3-466F-BF4F-FFC8DAF073F9}.Debug|Any CPU.Build.0 = Debug|Any CPU
		{9A96A39B-E6A3-466F-BF4F-FFC8DAF073F9}.Release|Any CPU.ActiveCfg = Release|Any CPU
		{9A96A39B-E6A3-466F-BF4F-FFC8DAF073F9}.Release|Any CPU.Build.0 = Release|Any CPU
	EndGlobalSection
EndGlobal
