
Microsoft Visual Studio Solution File, Format Version 12.00
# Visual Studio Version 17
VisualStudioVersion = 17.2.32519.379
MinimumVisualStudioVersion = 10.0.40219.1
Project("{9A19103F-16F7-4668-BE54-9A1E7A4F7556}") = "Lusid.Sdk", "Lusid.Sdk\Lusid.Sdk.csproj", "{A18E97D1-1621-43FF-87E4-C5C00FD2E516}"
EndProject
Project("{9A19103F-16F7-4668-BE54-9A1E7A4F7556}") = "Lusid.Sdk.Tests", "Lusid.Sdk.Tests\Lusid.Sdk.Tests.csproj", "{529EE36E-F438-4EC0-8705-3341D3787505}"
EndProject
Project("{9A19103F-16F7-4668-BE54-9A1E7A4F7556}") = "LusidFeatureReporter", "LusidFeatureReporter\LusidFeatureReporter.csproj", "{8D0AA52B-706C-462D-B522-D21734A6348E}"
EndProject
Global
	GlobalSection(SolutionConfigurationPlatforms) = preSolution
		Debug|Any CPU = Debug|Any CPU
		Release|Any CPU = Release|Any CPU
	EndGlobalSection
	GlobalSection(ProjectConfigurationPlatforms) = postSolution
		{A18E97D1-1621-43FF-87E4-C5C00FD2E516}.Debug|Any CPU.ActiveCfg = Debug|Any CPU
		{A18E97D1-1621-43FF-87E4-C5C00FD2E516}.Debug|Any CPU.Build.0 = Debug|Any CPU
		{A18E97D1-1621-43FF-87E4-C5C00FD2E516}.Release|Any CPU.ActiveCfg = Release|Any CPU
		{A18E97D1-1621-43FF-87E4-C5C00FD2E516}.Release|Any CPU.Build.0 = Release|Any CPU
		{529EE36E-F438-4EC0-8705-3341D3787505}.Debug|Any CPU.ActiveCfg = Debug|Any CPU
		{529EE36E-F438-4EC0-8705-3341D3787505}.Debug|Any CPU.Build.0 = Debug|Any CPU
		{529EE36E-F438-4EC0-8705-3341D3787505}.Release|Any CPU.ActiveCfg = Release|Any CPU
		{529EE36E-F438-4EC0-8705-3341D3787505}.Release|Any CPU.Build.0 = Release|Any CPU
		{8D0AA52B-706C-462D-B522-D21734A6348E}.Debug|Any CPU.ActiveCfg = Debug|Any CPU
		{8D0AA52B-706C-462D-B522-D21734A6348E}.Debug|Any CPU.Build.0 = Debug|Any CPU
		{8D0AA52B-706C-462D-B522-D21734A6348E}.Release|Any CPU.ActiveCfg = Release|Any CPU
		{8D0AA52B-706C-462D-B522-D21734A6348E}.Release|Any CPU.Build.0 = Release|Any CPU
	EndGlobalSection
	GlobalSection(SolutionProperties) = preSolution
		HideSolutionNode = FALSE
	EndGlobalSection
	GlobalSection(ExtensibilityGlobals) = postSolution
		SolutionGuid = {1F9CAE37-7003-40F1-B84B-72AE8648F262}
	EndGlobalSection
EndGlobal
