Microsoft Visual Studio Solution File, Format Version 12.00
# Visual Studio 14
VisualStudioVersion = 14.0.25420.1
MinimumVisualStudioVersion = 10.0.40219.1
Project("{FAE04EC0-301F-11D3-BF4B-00C04F79EFBC}") = "Lusid.Sdk", "Lusid.Sdk\Lusid.Sdk.csproj", "{A18E97D1-1621-43FF-87E4-C5C00FD2E516}"
EndProject
Project("{FAE04EC0-301F-11D3-BF4B-00C04F79EFBC}") = "Lusid.Sdk.Tests", "Lusid.Sdk.Tests\Lusid.Sdk.Tests.csproj", "{529EE36E-F438-4EC0-8705-3341D3787505}"
EndProject
Global
	GlobalSection(SolutionConfigurationPlatforms) = preSolution
		Debug|Any CPU = Debug|Any CPU
		Release|Any CPU = Release|Any CPU
	EndGlobalSection
	GlobalSection(ProjectConfigurationPlatforms) = postSolution
		{19F1DEBC-DE5E-4517-8062-F000CD499087}.Debug|Any CPU.ActiveCfg = Debug|Any CPU
		{19F1DEBC-DE5E-4517-8062-F000CD499087}.Debug|Any CPU.Build.0 = Debug|Any CPU
		{19F1DEBC-DE5E-4517-8062-F000CD499087}.Release|Any CPU.ActiveCfg = Release|Any CPU
		{19F1DEBC-DE5E-4517-8062-F000CD499087}.Release|Any CPU.Build.0 = Release|Any CPU
		{A18E97D1-1621-43FF-87E4-C5C00FD2E516}.Debug|Any CPU.ActiveCfg = Debug|Any CPU
		{A18E97D1-1621-43FF-87E4-C5C00FD2E516}.Debug|Any CPU.Build.0 = Debug|Any CPU
		{A18E97D1-1621-43FF-87E4-C5C00FD2E516}.Release|Any CPU.ActiveCfg = Release|Any CPU
		{A18E97D1-1621-43FF-87E4-C5C00FD2E516}.Release|Any CPU.Build.0 = Release|Any CPU
		{529EE36E-F438-4EC0-8705-3341D3787505}.Debug|Any CPU.ActiveCfg = Debug|Any CPU
		{529EE36E-F438-4EC0-8705-3341D3787505}.Debug|Any CPU.Build.0 = Debug|Any CPU
		{529EE36E-F438-4EC0-8705-3341D3787505}.Release|Any CPU.ActiveCfg = Release|Any CPU
		{529EE36E-F438-4EC0-8705-3341D3787505}.Release|Any CPU.Build.0 = Release|Any CPU
	EndGlobalSection
	GlobalSection(SolutionProperties) = preSolution
		HideSolutionNode = FALSE
	EndGlobalSection
EndGlobal
